
Microsoft Visual Studio Solution File, Format Version 12.00
# Visual Studio Version 17
VisualStudioVersion = 17.13.35828.75 d17.13
MinimumVisualStudioVersion = 10.0.40219.1
Project("{FAE04EC0-301F-11D3-BF4B-00C04F79EFBC}") = "DigitalDialogueHub", "DigitalDialogueHub\DigitalDialogueHub.csproj", "{B1C1AB72-2671-4879-8682-D5014F1F2D9D}"
EndProject
Global
	GlobalSection(SolutionConfigurationPlatforms) = preSolution
		Debug|Any CPU = Debug|Any CPU
		Release|Any CPU = Release|Any CPU
	EndGlobalSection
	GlobalSection(ProjectConfigurationPlatforms) = postSolution
		{B1C1AB72-2671-4879-8682-D5014F1F2D9D}.Debug|Any CPU.ActiveCfg = Debug|Any CPU
		{B1C1AB72-2671-4879-8682-D5014F1F2D9D}.Debug|Any CPU.Build.0 = Debug|Any CPU
		{B1C1AB72-2671-4879-8682-D5014F1F2D9D}.Release|Any CPU.ActiveCfg = Release|Any CPU
		{B1C1AB72-2671-4879-8682-D5014F1F2D9D}.Release|Any CPU.Build.0 = Release|Any CPU
	EndGlobalSection
	GlobalSection(SolutionProperties) = preSolution
		HideSolutionNode = FALSE
	EndGlobalSection
	GlobalSection(ExtensibilityGlobals) = postSolution
		SolutionGuid = {9A45A00A-F0BB-459A-9013-730619E5A93B}
	EndGlobalSection
EndGlobal
